Microsoft Visual Studio Solution File, Format Version 12.00
# Visual Studio Version 17
VisualStudioVersion = 17.14.36717.8
MinimumVisualStudioVersion = 10.0.40219.1
Project("{FAE04EC0-301F-11D3-BF4B-00C04F79EFBC}") = "Models", "Models\Models.csproj", "{8354AA16-5C4D-49B6-BF4F-371834E5E636}"
EndProject
Project("{FAE04EC0-301F-11D3-BF4B-00C04F79EFBC}") = "ViewModel", "ViewModel\ViewModel.csproj", "{56E91413-6E56-4A92-AFCB-7B6871C7C375}"
EndProject
Project("{FAE04EC0-301F-11D3-BF4B-00C04F79EFBC}") = "Informes", "Informes\Informes.csproj", "{A778F12A-9FB3-4F8F-93FF-0C68C10DC068}"
EndProject
Project("{FAE04EC0-301F-11D3-BF4B-00C04F79EFBC}") = "Views", "Views\Views.csproj", "{E46A4C87-F885-44B5-B968-3F91064BBADA}"
EndProject
Global
	GlobalSection(SolutionConfigurationPlatforms) = preSolution
		Debug|Any CPU = Debug|Any CPU
		Release|Any CPU = Release|Any CPU
	EndGlobalSection
	GlobalSection(ProjectConfigurationPlatforms) = postSolution
		{8354AA16-5C4D-49B6-BF4F-371834E5E636}.Debug|Any CPU.ActiveCfg = Debug|Any CPU
		{8354AA16-5C4D-49B6-BF4F-371834E5E636}.Debug|Any CPU.Build.0 = Debug|Any CPU
		{8354AA16-5C4D-49B6-BF4F-371834E5E636}.Release|Any CPU.ActiveCfg = Release|Any CPU
		{8354AA16-5C4D-49B6-BF4F-371834E5E636}.Release|Any CPU.Build.0 = Release|Any CPU
		{56E91413-6E56-4A92-AFCB-7B6871C7C375}.Debug|Any CPU.ActiveCfg = Debug|Any CPU
		{56E91413-6E56-4A92-AFCB-7B6871C7C375}.Debug|Any CPU.Build.0 = Debug|Any CPU
		{56E91413-6E56-4A92-AFCB-7B6871C7C375}.Release|Any CPU.ActiveCfg = Release|Any CPU
		{56E91413-6E56-4A92-AFCB-7B6871C7C375}.Release|Any CPU.Build.0 = Release|Any CPU
		{A778F12A-9FB3-4F8F-93FF-0C68C10DC068}.Debug|Any CPU.ActiveCfg = Debug|Any CPU
		{A778F12A-9FB3-4F8F-93FF-0C68C10DC068}.Debug|Any CPU.Build.0 = Debug|Any CPU
		{A778F12A-9FB3-4F8F-93FF-0C68C10DC068}.Release|Any CPU.ActiveCfg = Release|Any CPU
		{A778F12A-9FB3-4F8F-93FF-0C68C10DC068}.Release|Any CPU.Build.0 = Release|Any CPU
		{E46A4C87-F885-44B5-B968-3F91064BBADA}.Debug|Any CPU.ActiveCfg = Debug|Any CPU
		{E46A4C87-F885-44B5-B968-3F91064BBADA}.Debug|Any CPU.Build.0 = Debug|Any CPU
		{E46A4C87-F885-44B5-B968-3F91064BBADA}.Release|Any CPU.ActiveCfg = Release|Any CPU
		{E46A4C87-F885-44B5-B968-3F91064BBADA}.Release|Any CPU.Build.0 = Release|Any CPU
	EndGlobalSection
	GlobalSection(SolutionProperties) = preSolution
		HideSolutionNode = FALSE
	EndGlobalSection
	GlobalSection(ExtensibilityGlobals) = postSolution
		SolutionGuid = {C69E175C-4B02-4B7B-9651-55200FAC88A8}
	EndGlobalSection
EndGlobal
